
Microsoft Visual Studio Solution File, Format Version 12.00
# Visual Studio 15
VisualStudioVersion = 15.0.28307.168
MinimumVisualStudioVersion = 10.0.40219.1
Project("{FAE04EC0-301F-11D3-BF4B-00C04F79EFBC}") = "EFHerancaPolimorfismo", "EFHerancaPolimorfismo\EFHerancaPolimorfismo.csproj", "{C35A6866-991E-4E3F-A0D8-C47E376552C7}"
EndProject
Global
	GlobalSection(SolutionConfigurationPlatforms) = preSolution
		Debug|Any CPU = Debug|Any CPU
		Release|Any CPU = Release|Any CPU
	EndGlobalSection
	GlobalSection(ProjectConfigurationPlatforms) = postSolution
		{C35A6866-991E-4E3F-A0D8-C47E376552C7}.Debug|Any CPU.ActiveCfg = Debug|Any CPU
		{C35A6866-991E-4E3F-A0D8-C47E376552C7}.Debug|Any CPU.Build.0 = Debug|Any CPU
		{C35A6866-991E-4E3F-A0D8-C47E376552C7}.Release|Any CPU.ActiveCfg = Release|Any CPU
		{C35A6866-991E-4E3F-A0D8-C47E376552C7}.Release|Any CPU.Build.0 = Release|Any CPU
	EndGlobalSection
	GlobalSection(SolutionProperties) = preSolution
		HideSolutionNode = FALSE
	EndGlobalSection
	GlobalSection(ExtensibilityGlobals) = postSolution
		SolutionGuid = {109C8C9F-F3F2-44F9-B359-1C996424140B}
	EndGlobalSection
EndGlobal
